# THIS IS AN AUTOGENERATED FILE. DO NOT EDIT THIS FILE DIRECTLY.
# yarn lockfile v1


fastify-type-provider-zod@^2.0.0:
  version "2.0.0"
  resolved "https://registry.yarnpkg.com/fastify-type-provider-zod/-/fastify-type-provider-zod-2.0.0.tgz#3a359d4a73155433ae1add7d1ad2a69e4ec6339a"
  integrity sha512-LSbz6DikD9BcQmSDFn7uXFmrFS2gRMiSkwiQeIeAH3XEGOyjokJKsH4DRRuxSn7fTz1UNTNiujib4+MTNw+nOg==
  dependencies:
    zod-to-json-schema "^3.23.0"

zod-to-json-schema@^3.23.0:
  version "3.23.3"
  resolved "https://registry.yarnpkg.com/zod-to-json-schema/-/zod-to-json-schema-3.23.3.tgz#56cf4e0bd5c4096ab46e63159e20998ec7b19c39"
  integrity sha512-TYWChTxKQbRJp5ST22o/Irt9KC5nj7CdBKYB/AosCRdj/wxEMvv4NNaj9XVUHDOIp53ZxArGhnw5HMZziPFjog==
